// !$*UTF8*$!
{
	archiveVersion = 1;
	classes = {
	};
	objectVersion = 50;
	objects = {

/* Begin PBXBuildFile section */
		3563D83D215B72650093287C /* AppDelegate.swift in Sources */ = {isa = PBXBuildFile; fileRef = 3563D83C215B72650093287C /* AppDelegate.swift */; };
		3563D842215B72650093287C /* Main.storyboard in Resources */ = {isa = PBXBuildFile; fileRef = 3563D840215B72650093287C /* Main.storyboard */; };
		3563D844215B72660093287C /* Assets.xcassets in Resources */ = {isa = PBXBuildFile; fileRef = 3563D843215B72660093287C /* Assets.xcassets */; };
		3563D847215B72660093287C /* LaunchScreen.storyboard in Resources */ = {isa = PBXBuildFile; fileRef = 3563D845215B72660093287C /* LaunchScreen.storyboard */; };
		35BBC4B0216A50E00019B1CF /* SWRevealViewController.m in Sources */ = {isa = PBXBuildFile; fileRef = 35BBC4AF216A50E00019B1CF /* SWRevealViewController.m */; };
		35BBC4B2216A532B0019B1CF /* ChatVC.swift in Sources */ = {isa = PBXBuildFile; fileRef = 35BBC4B1216A532B0019B1CF /* ChatVC.swift */; };
		35BBC4B4216A53610019B1CF /* ChannelVC.swift in Sources */ = {isa = PBXBuildFile; fileRef = 35BBC4B3216A53610019B1CF /* ChannelVC.swift */; };
		35F4DA88216A80EB003DFDC3 /* GradientView.swift in Sources */ = {isa = PBXBuildFile; fileRef = 35F4DA87216A80EB003DFDC3 /* GradientView.swift */; };
		35F4DA8B216A96CB003DFDC3 /* Constants.swift in Sources */ = {isa = PBXBuildFile; fileRef = 35F4DA8A216A96CB003DFDC3 /* Constants.swift */; };
		7C9E0DA20CC5EFDD0DF872A1 /* Pods_Smack_Chat.framework in Frameworks */ = {isa = PBXBuildFile; fileRef = 51B056CEA7E9AAF65E0C4A25 /* Pods_Smack_Chat.framework */; };
/* End PBXBuildFile section */

/* Begin PBXFileReference section */
		1993CA8C98EE1FD5BBCCF26B /* Pods-Smack-Chat.release.xcconfig */ = {isa = PBXFileReference; includeInIndex = 1; lastKnownFileType = text.xcconfig; name = "Pods-Smack-Chat.release.xcconfig"; path = "Pods/Target Support Files/Pods-Smack-Chat/Pods-Smack-Chat.release.xcconfig"; sourceTree = "<group>"; };
		3563D839215B72650093287C /* Smack-Chat.app */ = {isa = PBXFileReference; explicitFileType = wrapper.application; includeInIndex = 0; path = "Smack-Chat.app"; sourceTree = BUILT_PRODUCTS_DIR; };
		3563D83C215B72650093287C /* AppDelegate.swift */ = {isa = PBXFileReference; lastKnownFileType = sourcecode.swift; path = AppDelegate.swift; sourceTree = "<group>"; };
		3563D841215B72650093287C /* Base */ = {isa = PBXFileReference; lastKnownFileType = file.storyboard; name = Base; path = Base.lproj/Main.storyboard; sourceTree = "<group>"; };
		3563D843215B72660093287C /* Assets.xcassets */ = {isa = PBXFileReference; lastKnownFileType = folder.assetcatalog; path = Assets.xcassets; sourceTree = "<group>"; };
		3563D846215B72660093287C /* Base */ = {isa = PBXFileReference; lastKnownFileType = file.storyboard; name = Base; path = Base.lproj/LaunchScreen.storyboard; sourceTree = "<group>"; };
		3563D848215B72660093287C /* Info.plist */ = {isa = PBXFileReference; lastKnownFileType = text.plist.xml; path = Info.plist; sourceTree = "<group>"; };
		35BBC4AD216A50CA0019B1CF /* SWRevealViewController.h */ = {isa = PBXFileReference; fileEncoding = 4; lastKnownFileType = sourcecode.c.h; path = SWRevealViewController.h; sourceTree = "<group>"; };
		35BBC4AE216A50DF0019B1CF /* Smack-Chat-Bridging-Header.h */ = {isa = PBXFileReference; lastKnownFileType = sourcecode.c.h; path = "Smack-Chat-Bridging-Header.h"; sourceTree = "<group>"; };
		35BBC4AF216A50E00019B1CF /* SWRevealViewController.m */ = {isa = PBXFileReference; fileEncoding = 4; lastKnownFileType = sourcecode.c.objc; path = SWRevealViewController.m; sourceTree = "<group>"; };
		35BBC4B1216A532B0019B1CF /* ChatVC.swift */ = {isa = PBXFileReference; lastKnownFileType = sourcecode.swift; path = ChatVC.swift; sourceTree = "<group>"; };
		35BBC4B3216A53610019B1CF /* ChannelVC.swift */ = {isa = PBXFileReference; lastKnownFileType = sourcecode.swift; path = ChannelVC.swift; sourceTree = "<group>"; };
		35F4DA87216A80EB003DFDC3 /* GradientView.swift */ = {isa = PBXFileReference; lastKnownFileType = sourcecode.swift; path = GradientView.swift; sourceTree = "<group>"; };
		35F4DA8A216A96CB003DFDC3 /* Constants.swift */ = {isa = PBXFileReference; lastKnownFileType = sourcecode.swift; path = Constants.swift; sourceTree = "<group>"; };
		51B056CEA7E9AAF65E0C4A25 /* Pods_Smack_Chat.framework */ = {isa = PBXFileReference; explicitFileType = wrapper.framework; includeInIndex = 0; path = Pods_Smack_Chat.framework; sourceTree = BUILT_PRODUCTS_DIR; };
		80B63FDD905DD98740174D25 /* Pods-Smack-Chat.debug.xcconfig */ = {isa = PBXFileReference; includeInIndex = 1; lastKnownFileType = text.xcconfig; name = "Pods-Smack-Chat.debug.xcconfig"; path = "Pods/Target Support Files/Pods-Smack-Chat/Pods-Smack-Chat.debug.xcconfig"; sourceTree = "<group>"; };
/* End PBXFileReference section */

/* Begin PBXFrameworksBuildPhase section */
		3563D836215B72650093287C /* Frameworks */ = {
			isa = PBXFrameworksBuildPhase;
			buildActionMask = 2147483647;
			files = (
				7C9E0DA20CC5EFDD0DF872A1 /* Pods_Smack_Chat.framework in Frameworks */,
			);
			runOnlyForDeploymentPostprocessing = 0;
		};
/* End PBXFrameworksBuildPhase section */

/* Begin PBXGroup section */
		07D4959C6435C415097EC0AA /* Frameworks */ = {
			isa = PBXGroup;
			children = (
				51B056CEA7E9AAF65E0C4A25 /* Pods_Smack_Chat.framework */,
			);
			name = Frameworks;
			sourceTree = "<group>";
		};
		3563D830215B72650093287C = {
			isa = PBXGroup;
			children = (
				3563D83B215B72650093287C /* Smack-Chat */,
				3563D83A215B72650093287C /* Products */,
				F1D0D5695582D6B0C3B82357 /* Pods */,
				07D4959C6435C415097EC0AA /* Frameworks */,
			);
			sourceTree = "<group>";
		};
		3563D83A215B72650093287C /* Products */ = {
			isa = PBXGroup;
			children = (
				3563D839215B72650093287C /* Smack-Chat.app */,
			);
			name = Products;
			sourceTree = "<group>";
		};
		3563D83B215B72650093287C /* Smack-Chat */ = {
			isa = PBXGroup;
			children = (
				35F4DA89216A96A0003DFDC3 /* Utillities */,
				35BBC4AC216A508E0019B1CF /* SWreveal */,
				35BBC4AB216A50840019B1CF /* Model */,
				35BBC4AA216A50720019B1CF /* View */,
				35BBC4A9216A50570019B1CF /* Controller */,
				3563D83C215B72650093287C /* AppDelegate.swift */,
				3563D840215B72650093287C /* Main.storyboard */,
				3563D843215B72660093287C /* Assets.xcassets */,
				3563D845215B72660093287C /* LaunchScreen.storyboard */,
				3563D848215B72660093287C /* Info.plist */,
			);
			path = "Smack-Chat";
			sourceTree = "<group>";
		};
		35BBC4A9216A50570019B1CF /* Controller */ = {
			isa = PBXGroup;
			children = (
				35BBC4B1216A532B0019B1CF /* ChatVC.swift */,
				35BBC4B3216A53610019B1CF /* ChannelVC.swift */,
			);
			path = Controller;
			sourceTree = "<group>";
		};
		35BBC4AA216A50720019B1CF /* View */ = {
			isa = PBXGroup;
			children = (
				35F4DA87216A80EB003DFDC3 /* GradientView.swift */,
			);
			name = View;
			path = "New Group";
			sourceTree = "<group>";
		};
		35BBC4AB216A50840019B1CF /* Model */ = {
			isa = PBXGroup;
			children = (
			);
			name = Model;
			path = "New Group1";
			sourceTree = "<group>";
		};
		35BBC4AC216A508E0019B1CF /* SWreveal */ = {
			isa = PBXGroup;
			children = (
				35BBC4AF216A50E00019B1CF /* SWRevealViewController.m */,
				35BBC4AD216A50CA0019B1CF /* SWRevealViewController.h */,
				35BBC4AE216A50DF0019B1CF /* Smack-Chat-Bridging-Header.h */,
			);
			path = SWreveal;
			sourceTree = "<group>";
		};
		35F4DA89216A96A0003DFDC3 /* Utillities */ = {
			isa = PBXGroup;
			children = (
				35F4DA8A216A96CB003DFDC3 /* Constants.swift */,
			);
			path = Utillities;
			sourceTree = "<group>";
		};
		F1D0D5695582D6B0C3B82357 /* Pods */ = {
			isa = PBXGroup;
			children = (
				80B63FDD905DD98740174D25 /* Pods-Smack-Chat.debug.xcconfig */,
				1993CA8C98EE1FD5BBCCF26B /* Pods-Smack-Chat.release.xcconfig */,
			);
			name = Pods;
			sourceTree = "<group>";
		};
/* End PBXGroup section */

/* Begin PBXNativeTarget section */
		3563D838215B72650093287C /* Smack-Chat */ = {
			isa = PBXNativeTarget;
			buildConfigurationList = 3563D84B215B72660093287C /* Build configuration list for PBXNativeTarget "Smack-Chat" */;
			buildPhases = (
				0A5208606ACE29F7308C2845 /* [CP] Check Pods Manifest.lock */,
				3563D835215B72650093287C /* Sources */,
				3563D836215B72650093287C /* Frameworks */,
				3563D837215B72650093287C /* Resources */,
				F2F9DC22D941ABF4B5F8AE6F /* [CP] Embed Pods Frameworks */,
			);
			buildRules = (
			);
			dependencies = (
			);
			name = "Smack-Chat";
			productName = "Smack-Chat";
			productReference = 3563D839215B72650093287C /* Smack-Chat.app */;
			productType = "com.apple.product-type.application";
		};
/* End PBXNativeTarget section */

/* Begin PBXProject section */
		3563D831215B72650093287C /* Project object */ = {
			isa = PBXProject;
			attributes = {
				LastSwiftUpdateCheck = 1000;
				LastUpgradeCheck = 1000;
				ORGANIZATIONNAME = TeamK;
				TargetAttributes = {
					3563D838215B72650093287C = {
						CreatedOnToolsVersion = 10.0;
						LastSwiftMigration = 1000;
					};
				};
			};
			buildConfigurationList = 3563D834215B72650093287C /* Build configuration list for PBXProject "Smack-Chat" */;
			compatibilityVersion = "Xcode 9.3";
			developmentRegion = en;
			hasScannedForEncodings = 0;
			knownRegions = (
				en,
				Base,
			);
			mainGroup = 3563D830215B72650093287C;
			productRefGroup = 3563D83A215B72650093287C /* Products */;
			projectDirPath = "";
			projectRoot = "";
			targets = (
				3563D838215B72650093287C /* Smack-Chat */,
			);
		};
/* End PBXProject section */

/* Begin PBXResourcesBuildPhase section */
		3563D837215B72650093287C /* Resources */ = {
			isa = PBXResourcesBuildPhase;
			buildActionMask = 2147483647;
			files = (
				3563D847215B72660093287C /* LaunchScreen.storyboard in Resources */,
				3563D844215B72660093287C /* Assets.xcassets in Resources */,
				3563D842215B72650093287C /* Main.storyboard in Resources */,
			);
			runOnlyForDeploymentPostprocessing = 0;
		};
/* End PBXResourcesBuildPhase section */

/* Begin PBXShellScriptBuildPhase section */
		0A5208606ACE29F7308C2845 /* [CP] Check Pods Manifest.lock */ = {
			isa = PBXShellScriptBuildPhase;
			buildActionMask = 2147483647;
			files = (
			);
			inputFileListPaths = (
			);
			inputPaths = (
				"${PODS_PODFILE_DIR_PATH}/Podfile.lock",
				"${PODS_ROOT}/Manifest.lock",
			);
			name = "[CP] Check Pods Manifest.lock";
			outputFileListPaths = (
			);
			outputPaths = (
				"$(DERIVED_FILE_DIR)/Pods-Smack-Chat-checkManifestLockResult.txt",
			);
			runOnlyForDeploymentPostprocessing = 0;
			shellPath = /bin/sh;
			shellScript = "diff \"${PODS_PODFILE_DIR_PATH}/Podfile.lock\" \"${PODS_ROOT}/Manifest.lock\" > /dev/null\nif [ $? != 0 ] ; then\n    # print error to STDERR\n    echo \"error: The sandbox is not in sync with the Podfile.lock. Run 'pod install' or update your CocoaPods installation.\" >&2\n    exit 1\nfi\n# This output is used by Xcode 'outputs' to avoid re-running this script phase.\necho \"SUCCESS\" > \"${SCRIPT_OUTPUT_FILE_0}\"\n";
			showEnvVarsInLog = 0;
		};
		F2F9DC22D941ABF4B5F8AE6F /* [CP] Embed Pods Frameworks */ = {
			isa = PBXShellScriptBuildPhase;
			buildActionMask = 2147483647;
			files = (
			);
			inputFileListPaths = (
			);
			inputPaths = (
				"${SRCROOT}/Pods/Target Support Files/Pods-Smack-Chat/Pods-Smack-Chat-frameworks.sh",
				"${BUILT_PRODUCTS_DIR}/Alamofire/Alamofire.framework",
				"${BUILT_PRODUCTS_DIR}/Socket.IO-Client-Swift/SocketIO.framework",
				"${BUILT_PRODUCTS_DIR}/Starscream/Starscream.framework",
				"${BUILT_PRODUCTS_DIR}/SwiftyJSON/SwiftyJSON.framework",
			);
			name = "[CP] Embed Pods Frameworks";
			outputFileListPaths = (
			);
			outputPaths = (
				"${TARGET_BUILD_DIR}/${FRAMEWORKS_FOLDER_PATH}/Alamofire.framework",
				"${TARGET_BUILD_DIR}/${FRAMEWORKS_FOLDER_PATH}/SocketIO.framework",
				"${TARGET_BUILD_DIR}/${FRAMEWORKS_FOLDER_PATH}/Starscream.framework",
				"${TARGET_BUILD_DIR}/${FRAMEWORKS_FOLDER_PATH}/SwiftyJSON.framework",
			);
			runOnlyForDeploymentPostprocessing = 0;
			shellPath = /bin/sh;
			shellScript = "\"${SRCROOT}/Pods/Target Support Files/Pods-Smack-Chat/Pods-Smack-Chat-frameworks.sh\"\n";
			showEnvVarsInLog = 0;
		};
/* End PBXShellScriptBuildPhase section */

/* Begin PBXSourcesBuildPhase section */
		3563D835215B72650093287C /* Sources */ = {
			isa = PBXSourcesBuildPhase;
			buildActionMask = 2147483647;
			files = (
				35BBC4B4216A53610019B1CF /* ChannelVC.swift in Sources */,
				35F4DA8B216A96CB003DFDC3 /* Constants.swift in Sources */,
				35BBC4B2216A532B0019B1CF /* ChatVC.swift in Sources */,
				35F4DA88216A80EB003DFDC3 /* GradientView.swift in Sources */,
				3563D83D215B72650093287C /* AppDelegate.swift in Sources */,
				35BBC4B0216A50E00019B1CF /* SWRevealViewController.m in Sources */,
			);
			runOnlyForDeploymentPostprocessing = 0;
		};
/* End PBXSourcesBuildPhase section */

/* Begin PBXVariantGroup section */
		3563D840215B72650093287C /* Main.storyboard */ = {
			isa = PBXVariantGroup;
			children = (
				3563D841215B72650093287C /* Base */,
			);
			name = Main.storyboard;
			sourceTree = "<group>";
		};
		3563D845215B72660093287C /* LaunchScreen.storyboard */ = {
			isa = PBXVariantGroup;
			children = (
				3563D846215B72660093287C /* Base */,
			);
			name = LaunchScreen.storyboard;
			sourceTree = "<group>";
		};
/* End PBXVariantGroup section */

/* Begin XCBuildConfiguration section */
		3563D849215B72660093287C /* Debug */ = {
			isa = XCBuildConfiguration;
			buildSettings = {
				ALWAYS_SEARCH_USER_PATHS = NO;
				CLANG_ANALYZER_NONNULL = YES;
				CLANG_ANALYZER_NUMBER_OBJECT_CONVERSION = YES_AGGRESSIVE;
				CLANG_CXX_LANGUAGE_STANDARD = "gnu++14";
				CLANG_CXX_LIBRARY = "libc++";
				CLANG_ENABLE_MODULES = YES;
				CLANG_ENABLE_OBJC_ARC = YES;
				CLANG_ENABLE_OBJC_WEAK = YES;
				CLANG_WARN_BLOCK_CAPTURE_AUTORELEASING = YES;
				CLANG_WARN_BOOL_CONVERSION = YES;
				CLANG_WARN_COMMA = YES;
				CLANG_WARN_CONSTANT_CONVERSION = YES;
				CLANG_WARN_DEPRECATED_OBJC_IMPLEMENTATIONS = YES;
				CLANG_WARN_DIRECT_OBJC_ISA_USAGE = YES_ERROR;
				CLANG_WARN_DOCUMENTATION_COMMENTS = YES;
				CLANG_WARN_EMPTY_BODY = YES;
				CLANG_WARN_ENUM_CONVERSION = YES;
				CLANG_WARN_INFINITE_RECURSION = YES;
				CLANG_WARN_INT_CONVERSION = YES;
				CLANG_WARN_NON_LITERAL_NULL_CONVERSION = YES;
				CLANG_WARN_OBJC_IMPLICIT_RETAIN_SELF = YES;
				CLANG_WARN_OBJC_LITERAL_CONVERSION = YES;
				CLANG_WARN_OBJC_ROOT_CLASS = YES_ERROR;
				CLANG_WARN_RANGE_LOOP_ANALYSIS = YES;
				CLANG_WARN_STRICT_PROTOTYPES = YES;
				CLANG_WARN_SUSPICIOUS_MOVE = YES;
				CLANG_WARN_UNGUARDED_AVAILABILITY = YES_AGGRESSIVE;
				CLANG_WARN_UNREACHABLE_CODE = YES;
				CLANG_WARN__DUPLICATE_METHOD_MATCH = YES;
				CODE_SIGN_IDENTITY = "iPhone Developer";
				COPY_PHASE_STRIP = NO;
				DEBUG_INFORMATION_FORMAT = dwarf;
				ENABLE_STRICT_OBJC_MSGSEND = YES;
				ENABLE_TESTABILITY = YES;
				GCC_C_LANGUAGE_STANDARD = gnu11;
				GCC_DYNAMIC_NO_PIC = NO;
				GCC_NO_COMMON_BLOCKS = YES;
				GCC_OPTIMIZATION_LEVEL = 0;
				GCC_PREPROCESSOR_DEFINITIONS = (
					"DEBUG=1",
					"$(inherited)",
				);
				GCC_WARN_64_TO_32_BIT_CONVERSION = YES;
				GCC_WARN_ABOUT_RETURN_TYPE = YES_ERROR;
				GCC_WARN_UNDECLARED_SELECTOR = YES;
				GCC_WARN_UNINITIALIZED_AUTOS = YES_AGGRESSIVE;
				GCC_WARN_UNUSED_FUNCTION = YES;
				GCC_WARN_UNUSED_VARIABLE = YES;
				IPHONEOS_DEPLOYMENT_TARGET = 12.0;
				MTL_ENABLE_DEBUG_INFO = INCLUDE_SOURCE;
				MTL_FAST_MATH = YES;
				ONLY_ACTIVE_ARCH = YES;
				SDKROOT = iphoneos;
				SWIFT_ACTIVE_COMPILATION_CONDITIONS = DEBUG;
				SWIFT_OPTIMIZATION_LEVEL = "-Onone";
			};
			name = Debug;
		};
		3563D84A215B72660093287C /* Release */ = {
			isa = XCBuildConfiguration;
			buildSettings = {
				ALWAYS_SEARCH_USER_PATHS = NO;
				CLANG_ANALYZER_NONNULL = YES;
				CLANG_ANALYZER_NUMBER_OBJECT_CONVERSION = YES_AGGRESSIVE;
				CLANG_CXX_LANGUAGE_STANDARD = "gnu++14";
				CLANG_CXX_LIBRARY = "libc++";
				CLANG_ENABLE_MODULES = YES;
				CLANG_ENABLE_OBJC_ARC = YES;
				CLANG_ENABLE_OBJC_WEAK = YES;
				CLANG_WARN_BLOCK_CAPTURE_AUTORELEASING = YES;
				CLANG_WARN_BOOL_CONVERSION = YES;
				CLANG_WARN_COMMA = YES;
				CLANG_WARN_CONSTANT_CONVERSION = YES;
				CLANG_WARN_DEPRECATED_OBJC_IMPLEMENTATIONS = YES;
				CLANG_WARN_DIRECT_OBJC_ISA_USAGE = YES_ERROR;
				CLANG_WARN_DOCUMENTATION_COMMENTS = YES;
				CLANG_WARN_EMPTY_BODY = YES;
				CLANG_WARN_ENUM_CONVERSION = YES;
				CLANG_WARN_INFINITE_RECURSION = YES;
				CLANG_WARN_INT_CONVERSION = YES;
				CLANG_WARN_NON_LITERAL_NULL_CONVERSION = YES;
				CLANG_WARN_OBJC_IMPLICIT_RETAIN_SELF = YES;
				CLANG_WARN_OBJC_LITERAL_CONVERSION = YES;
				CLANG_WARN_OBJC_ROOT_CLASS = YES_ERROR;
				CLANG_WARN_RANGE_LOOP_ANALYSIS = YES;
				CLANG_WARN_STRICT_PROTOTYPES = YES;
				CLANG_WARN_SUSPICIOUS_MOVE = YES;
				CLANG_WARN_UNGUARDED_AVAILABILITY = YES_AGGRESSIVE;
				CLANG_WARN_UNREACHABLE_CODE = YES;
				CLANG_WARN__DUPLICATE_METHOD_MATCH = YES;
				CODE_SIGN_IDENTITY = "iPhone Developer";
				COPY_PHASE_STRIP = NO;
				DEBUG_INFORMATION_FORMAT = "dwarf-with-dsym";
				ENABLE_NS_ASSERTIONS = NO;
				ENABLE_STRICT_OBJC_MSGSEND = YES;
				GCC_C_LANGUAGE_STANDARD = gnu11;
				GCC_NO_COMMON_BLOCKS = YES;
				GCC_WARN_64_TO_32_BIT_CONVERSION = YES;
				GCC_WARN_ABOUT_RETURN_TYPE = YES_ERROR;
				GCC_WARN_UNDECLARED_SELECTOR = YES;
				GCC_WARN_UNINITIALIZED_AUTOS = YES_AGGRESSIVE;
				GCC_WARN_UNUSED_FUNCTION = YES;
				GCC_WARN_UNUSED_VARIABLE = YES;
				IPHONEOS_DEPLOYMENT_TARGET = 12.0;
				MTL_ENABLE_DEBUG_INFO = NO;
				MTL_FAST_MATH = YES;
				SDKROOT = iphoneos;
				SWIFT_COMPILATION_MODE = wholemodule;
				SWIFT_OPTIMIZATION_LEVEL = "-O";
				VALIDATE_PRODUCT = YES;
			};
			name = Release;
		};
		3563D84C215B72660093287C /* Debug */ = {
			isa = XCBuildConfiguration;
			baseConfigurationReference = 80B63FDD905DD98740174D25 /* Pods-Smack-Chat.debug.xcconfig */;
			buildSettings = {
				ASSETCATALOG_COMPILER_APPICON_NAME = AppIcon;
				CLANG_ENABLE_MODULES = YES;
				CODE_SIGN_STYLE = Automatic;
				DEVELOPMENT_TEAM = GYUMM6U8Z5;
				INFOPLIST_FILE = "Smack-Chat/Info.plist";
				LD_RUNPATH_SEARCH_PATHS = (
					"$(inherited)",
					"@executable_path/Frameworks",
				);
				PRODUCT_BUNDLE_IDENTIFIER = "TeamK.Smack-Chat";
				PRODUCT_NAME = "$(TARGET_NAME)";
				SWIFT_OBJC_BRIDGING_HEADER = "Smack-Chat/SWreveal/Smack-Chat-Bridging-Header.h";
				SWIFT_OPTIMIZATION_LEVEL = "-Onone";
				SWIFT_VERSION = 4.2;
				TARGETED_DEVICE_FAMILY = "1,2";
			};
			name = Debug;
		};
		3563D84D215B72660093287C /* Release */ = {
			isa = XCBuildConfiguration;
			baseConfigurationReference = 1993CA8C98EE1FD5BBCCF26B /* Pods-Smack-Chat.release.xcconfig */;
			buildSettings = {
				ASSETCATALOG_COMPILER_APPICON_NAME = AppIcon;
				CLANG_ENABLE_MODULES = YES;
				CODE_SIGN_STYLE = Automatic;
				DEVELOPMENT_TEAM = GYUMM6U8Z5;
				INFOPLIST_FILE = "Smack-Chat/Info.plist";
				LD_RUNPATH_SEARCH_PATHS = (
					"$(inherited)",
					"@executable_path/Frameworks",
				);
				PRODUCT_BUNDLE_IDENTIFIER = "TeamK.Smack-Chat";
				PRODUCT_NAME = "$(TARGET_NAME)";
				SWIFT_OBJC_BRIDGING_HEADER = "Smack-Chat/SWreveal/Smack-Chat-Bridging-Header.h";
				SWIFT_VERSION = 4.2;
				TARGETED_DEVICE_FAMILY = "1,2";
			};
			name = Release;
		};
/* End XCBuildConfiguration section */

/* Begin XCConfigurationList section */
		3563D834215B72650093287C /* Build configuration list for PBXProject "Smack-Chat" */ = {
			isa = XCConfigurationList;
			buildConfigurations = (
				3563D849215B72660093287C /* Debug */,
				3563D84A215B72660093287C /* Release */,
			);
			defaultConfigurationIsVisible = 0;
			defaultConfigurationName = Release;
		};
		3563D84B215B72660093287C /* Build configuration list for PBXNativeTarget "Smack-Chat" */ = {
			isa = XCConfigurationList;
			buildConfigurations = (
				3563D84C215B72660093287C /* Debug */,
				3563D84D215B72660093287C /* Release */,
			);
			defaultConfigurationIsVisible = 0;
			defaultConfigurationName = Release;
		};
/* End XCConfigurationList section */
	};
	rootObject = 3563D831215B72650093287C /* Project object */;
}
